
Microsoft Visual Studio Solution File, Format Version 12.00
Project("{FAE04EC0-301F-11D3-BF4B-00C04F79EFBC}") = "MyThreadPool", "MyThreadPool\MyThreadPool.csproj", "{231F9D9A-C3B1-4A0D-89F4-372595DD07E5}"
EndProject
Project("{FAE04EC0-301F-11D3-BF4B-00C04F79EFBC}") = "MyThreadPool.Tests", "MyThreadPool.Tests\MyThreadPool.Tests.csproj", "{1424A84A-193C-4E86-95EC-9E1EC73F402F}"
EndProject
Global
	GlobalSection(SolutionConfigurationPlatforms) = preSolution
		Debug|Any CPU = Debug|Any CPU
		Release|Any CPU = Release|Any CPU
	EndGlobalSection
	GlobalSection(ProjectConfigurationPlatforms) = postSolution
		{231F9D9A-C3B1-4A0D-89F4-372595DD07E5}.Debug|Any CPU.ActiveCfg = Debug|Any CPU
		{231F9D9A-C3B1-4A0D-89F4-372595DD07E5}.Debug|Any CPU.Build.0 = Debug|Any CPU
		{231F9D9A-C3B1-4A0D-89F4-372595DD07E5}.Release|Any CPU.ActiveCfg = Release|Any CPU
		{231F9D9A-C3B1-4A0D-89F4-372595DD07E5}.Release|Any CPU.Build.0 = Release|Any CPU
		{1424A84A-193C-4E86-95EC-9E1EC73F402F}.Debug|Any CPU.ActiveCfg = Debug|Any CPU
		{1424A84A-193C-4E86-95EC-9E1EC73F402F}.Debug|Any CPU.Build.0 = Debug|Any CPU
		{1424A84A-193C-4E86-95EC-9E1EC73F402F}.Release|Any CPU.ActiveCfg = Release|Any CPU
		{1424A84A-193C-4E86-95EC-9E1EC73F402F}.Release|Any CPU.Build.0 = Release|Any CPU
	EndGlobalSection
EndGlobal
